
Microsoft Visual Studio Solution File, Format Version 12.00
# Visual Studio Version 17
VisualStudioVersion = 17.8.34322.80
MinimumVisualStudioVersion = 10.0.40219.1
Project("{FAE04EC0-301F-11D3-BF4B-00C04F79EFBC}") = "USGSandNIED_obsdataMerger", "USGSandNIED_obsdataMerger\USGSandNIED_obsdataMerger.csproj", "{405F1DDB-008F-4700-AE1D-4F698838A780}"
EndProject
Global
	GlobalSection(SolutionConfigurationPlatforms) = preSolution
		Debug|Any CPU = Debug|Any CPU
		Release|Any CPU = Release|Any CPU
	EndGlobalSection
	GlobalSection(ProjectConfigurationPlatforms) = postSolution
		{405F1DDB-008F-4700-AE1D-4F698838A780}.Debug|Any CPU.ActiveCfg = Debug|Any CPU
		{405F1DDB-008F-4700-AE1D-4F698838A780}.Debug|Any CPU.Build.0 = Debug|Any CPU
		{405F1DDB-008F-4700-AE1D-4F698838A780}.Release|Any CPU.ActiveCfg = Release|Any CPU
		{405F1DDB-008F-4700-AE1D-4F698838A780}.Release|Any CPU.Build.0 = Release|Any CPU
	EndGlobalSection
	GlobalSection(SolutionProperties) = preSolution
		HideSolutionNode = FALSE
	EndGlobalSection
	GlobalSection(ExtensibilityGlobals) = postSolution
		SolutionGuid = {60CDD04F-4EC7-4A53-93D9-7BC19C355F09}
	EndGlobalSection
EndGlobal
